
Microsoft Visual Studio Solution File, Format Version 12.00
# Visual Studio 15
VisualStudioVersion = 15.0.26430.14
MinimumVisualStudioVersion = 10.0.40219.1
Project("{FAE04EC0-301F-11D3-BF4B-00C04F79EFBC}") = "HomeConstruction", "HomeConstruction\HomeConstruction.csproj", "{E2545283-AF0F-41AE-8F0E-8321A41BF6AD}"
EndProject
Project("{FAE04EC0-301F-11D3-BF4B-00C04F79EFBC}") = "WorkersLibrary", "WorkersLibrary\WorkersLibrary.csproj", "{1A32C946-BB61-4455-8A41-FD7EAB844AC4}"
EndProject
Project("{FAE04EC0-301F-11D3-BF4B-00C04F79EFBC}") = "PartsLibrary", "PartsLibrary\PartsLibrary.csproj", "{B9A93C4F-8F91-40C0-8C4D-0696E884E9C8}"
EndProject
Global
	GlobalSection(SolutionConfigurationPlatforms) = preSolution
		Debug|Any CPU = Debug|Any CPU
		Release|Any CPU = Release|Any CPU
	EndGlobalSection
	GlobalSection(ProjectConfigurationPlatforms) = postSolution
		{E2545283-AF0F-41AE-8F0E-8321A41BF6AD}.Debug|Any CPU.ActiveCfg = Debug|Any CPU
		{E2545283-AF0F-41AE-8F0E-8321A41BF6AD}.Debug|Any CPU.Build.0 = Debug|Any CPU
		{E2545283-AF0F-41AE-8F0E-8321A41BF6AD}.Release|Any CPU.ActiveCfg = Release|Any CPU
		{E2545283-AF0F-41AE-8F0E-8321A41BF6AD}.Release|Any CPU.Build.0 = Release|Any CPU
		{1A32C946-BB61-4455-8A41-FD7EAB844AC4}.Debug|Any CPU.ActiveCfg = Debug|Any CPU
		{1A32C946-BB61-4455-8A41-FD7EAB844AC4}.Debug|Any CPU.Build.0 = Debug|Any CPU
		{1A32C946-BB61-4455-8A41-FD7EAB844AC4}.Release|Any CPU.ActiveCfg = Release|Any CPU
		{1A32C946-BB61-4455-8A41-FD7EAB844AC4}.Release|Any CPU.Build.0 = Release|Any CPU
		{B9A93C4F-8F91-40C0-8C4D-0696E884E9C8}.Debug|Any CPU.ActiveCfg = Debug|Any CPU
		{B9A93C4F-8F91-40C0-8C4D-0696E884E9C8}.Debug|Any CPU.Build.0 = Debug|Any CPU
		{B9A93C4F-8F91-40C0-8C4D-0696E884E9C8}.Release|Any CPU.ActiveCfg = Release|Any CPU
		{B9A93C4F-8F91-40C0-8C4D-0696E884E9C8}.Release|Any CPU.Build.0 = Release|Any CPU
	EndGlobalSection
	GlobalSection(SolutionProperties) = preSolution
		HideSolutionNode = FALSE
	EndGlobalSection
EndGlobal
